{
  "nodes": {
    "flake-utils": {
      "locked": {
        "lastModified": 1601282935,
        "narHash": "sha256-WQAFV6sGGQxrRs3a+/Yj9xUYvhTpukQJIcMbIi7LCJ4=",
        "owner": "numtide",
        "repo": "flake-utils",
        "rev": "588973065fce51f4763287f0fda87a174d78bf48",
        "type": "github"
      },
      "original": {
        "owner": "numtide",
        "repo": "flake-utils",
        "type": "github"
      }
    },
    "nixpkgs": {
      "locked": {
        "lastModified": 1603142336,
        "narHash": "sha256-40+zD9MupsATHGgiYKc/SukJScRww9lhEpgv1ZhPK1M=",
        "owner": "NixOS",
        "repo": "nixpkgs",
        "rev": "fba7eaeb63377bfebbadc38bc945ed95838edf3a",
        "type": "github"
      },
      "original": {
        "id": "nixpkgs",
        "type": "indirect"
      }
    },
    "root": {
      "inputs": {
        "flake-utils": "flake-utils",
        "nixpkgs": "nixpkgs"
      }
    }
  },
  "root": "root",
  "version": 7
}
